PODS:
  - Flutter (1.0.0)
  - integration_test (0.0.1):
    - Flutter
  - tappay_custom_sdk (0.0.1):
    - Flutter

DEPENDENCIES:
  - Flutter (from `Flutter`)
  - integration_test (from `.symlinks/plugins/integration_test/ios`)
  - tappay_custom_sdk (from `.symlinks/plugins/tappay_custom_sdk/ios`)

EXTERNAL SOURCES:
  Flutter:
    :path: Flutter
  integration_test:
    :path: ".symlinks/plugins/integration_test/ios"
  tappay_custom_sdk:
    :path: ".symlinks/plugins/tappay_custom_sdk/ios"

SPEC CHECKSUMS:
  Flutter: e0871f40cf51350855a761d2e70bf5af5b9b5de7
  integration_test: 252f60fa39af5e17c3aa9899d35d908a0721b573
  tappay_custom_sdk: 81f47c81e3f7bb29150b733488c1b6135a99e8f5

PODFILE CHECKSUM: 548e98cc0c04fd861e8661d0378f2ad0ceddfb7a

COCOAPODS: 1.16.2
